
Microsoft Visual Studio Solution File, Format Version 12.00
# Visual Studio Version 17
VisualStudioVersion = 17.0.31903.59
MinimumVisualStudioVersion = 10.0.40219.1
Project("{FAE04EC0-301F-11D3-BF4B-00C04F79EFBC}") = "Agent.Web", "Agent.Web\Agent.Web.csproj", "{18F74C22-678A-DB66-D5FF-F16E49366EBB}"
EndProject
Project("{FAE04EC0-301F-11D3-BF4B-00C04F79EFBC}") = "Agent.Core", "Agent.Core\Agent.Core.csproj", "{ABC97336-0362-E372-5D52-106FA241E6FE}"
EndProject
Project("{FAE04EC0-301F-11D3-BF4B-00C04F79EFBC}") = "Agent.Tests.Integration", "Agent.Tests.Integration\Agent.Tests.Integration.csproj", "{26A617E2-A920-4372-A79E-C4F0F84B6AEF}"
EndProject
Project("{FAE04EC0-301F-11D3-BF4B-00C04F79EFBC}") = "Agent.Plugins", "Agent.Plugins\Agent.Plugins.csproj", "{EFD7384D-C24D-407F-A1FA-58067DB7952E}"
EndProject
Project("{FAE04EC0-301F-11D3-BF4B-00C04F79EFBC}") = "Agent.Runtime", "Agent.Runtime\Agent.Runtime.csproj", "{E3A15B29-7CF9-7141-0829-13571C792D2C}"
EndProject
Project("{FAE04EC0-301F-11D3-BF4B-00C04F79EFBC}") = "Agent.Data", "Agent.Data\Agent.Data.csproj", "{08AF145E-3187-4A9D-873C-21263FB6903F}"
EndProject
Project("{FAE04EC0-301F-11D3-BF4B-00C04F79EFBC}") = "Agent.Graph", "Agent.Graph\Agent.Graph.csproj", "{FD6D3D53-3A3D-4CAD-BBB0-4FB637717C3F}"
EndProject
Project("{FAE04EC0-301F-11D3-BF4B-00C04F79EFBC}") = "Agent.Tests.End2End", "Agent.Tests.End2End\Agent.Tests.End2End.csproj", "{4B8EA29C-3027-45AF-A831-90A619C91AE1}"
EndProject
Project("{FAE04EC0-301F-11D3-BF4B-00C04F79EFBC}") = "Agent.Tests.Common", "Agent.Tests.Common\Agent.Tests.Common.csproj", "{BAC28CDC-0808-44E6-869B-68DE493AEF8E}"
EndProject
Project("{FAE04EC0-301F-11D3-BF4B-00C04F79EFBC}") = "Agent.Cmd", "Agent.Cmd\Agent.Cmd.csproj", "{D985A20E-B2F0-489D-83BE-90206AFF817D}"
EndProject
Project("{2150E333-8FDC-42A3-9474-1A3956D46DE8}") = "Solution Items", "Solution Items", "{02EA681E-C7D8-13C7-8484-4AC65E1B71E8}"
	ProjectSection(SolutionItems) = preProject
		.editorconfig = .editorconfig
		Directory.Packages.props = Directory.Packages.props
		..\nuget.config = ..\nuget.config
	EndProjectSection
EndProject
Project("{FAE04EC0-301F-11D3-BF4B-00C04F79EFBC}") = "Agent.Tests.Unit", "Agent.Tests.Unit\Agent.Tests.Unit.csproj", "{1E50EBAA-3305-4ACC-9E64-EFECA7348001}"
EndProject
Project("{FAE04EC0-301F-11D3-BF4B-00C04F79EFBC}") = "Agent.Prometheus", "Agent.Prometheus\Agent.Prometheus.csproj", "{3A6545A7-0C77-4417-A3D0-12BC9C8BDCBA}"
EndProject
Project("{FAE04EC0-301F-11D3-BF4B-00C04F79EFBC}") = "Agent.Evals", "Agent.Evals\Agent.Evals.csproj", "{83AC02D0-898B-43E7-8D8E-175291E4C73F}"
EndProject
Project("{FAE04EC0-301F-11D3-BF4B-00C04F79EFBC}") = "Agent.Evals.Cmd", "Agent.Evals.Cmd\Agent.Evals.Cmd.csproj", "{111D514B-D338-4691-A6DC-84E1824A099E}"
EndProject
Project("{FAE04EC0-301F-11D3-BF4B-00C04F79EFBC}") = "Agent.Analyzers", "Agent.Analyzers\Agent.Analyzers.csproj", "{DC6CDCA6-A593-4ACC-A511-1C6CC0D77F0F}"
EndProject
Project("{FAE04EC0-301F-11D3-BF4B-00C04F79EFBC}") = "Agent.Evals.Common", "Agent.Evals.Common\Agent.Evals.Common.csproj", "{662DDC06-0E25-414A-B992-44CFC7B56D52}"
EndProject
Project("{FAE04EC0-301F-11D3-BF4B-00C04F79EFBC}") = "Agent.Logging", "Agent.Logging\Agent.Logging.csproj", "{C846BCA8-F76C-40C4-A16C-3E3B444289C3}"
EndProject
Project("{FAE04EC0-301F-11D3-BF4B-00C04F79EFBC}") = "Agent.Framework", "Agent.Framework\Agent.Framework.csproj", "{55BC2F28-9FD5-4313-9306-17DCDAFD0686}"
EndProject
Project("{FAE04EC0-301F-11D3-BF4B-00C04F79EFBC}") = "Agent.Framework.Examples", "Agent.Framework.Examples\Agent.Framework.Examples.csproj", "{9B08B166-A434-5ACB-EFEB-64AB5D049A9D}"
EndProject
Project("{FAE04EC0-301F-11D3-BF4B-00C04F79EFBC}") = "Agent.Cli", "Agent.Cli\Agent.Cli.csproj", "{0E8EE7D5-C783-D56F-C614-9DD35497FC76}"
EndProject
Project("{FAE04EC0-301F-11D3-BF4B-00C04F79EFBC}") = "Session.Proxy", "Session.Proxy\Session.Proxy.csproj", "{4D6B5A20-C6DD-4813-A6FC-D5A3162001BA}"
EndProject
Project("{FAE04EC0-301F-11D3-BF4B-00C04F79EFBC}") = "Agent.ScheduledTasks", "Agent.ScheduledTasks\Agent.ScheduledTasks.csproj", "{D1937675-3883-687A-180B-09697FC9C88C}"
EndProject
Project("{FAE04EC0-301F-11D3-BF4B-00C04F79EFBC}") = "Agent.Common.Core", "Common.Core\Agent.Common.Core.csproj", "{58B94819-7905-15D3-F264-7428B0BA2802}"
EndProject
Project("{FAE04EC0-301F-11D3-BF4B-00C04F79EFBC}") = "Agent.Cli.UnitTests", "Agent.Cli.UnitTests\Agent.Cli.UnitTests.csproj", "{40E631F3-822B-4785-B839-EC9429A027FB}"
EndProject
Project("{FAE04EC0-301F-11D3-BF4B-00C04F79EFBC}") = "Agent.Cli.E2ETests", "Agent.Cli.E2ETests\Agent.Cli.E2ETests.csproj", "{55766371-6AFB-4ACC-8B26-682F4BE7C60C}"
EndProject
Global
	GlobalSection(SolutionConfigurationPlatforms) = preSolution
		Debug|Any CPU = Debug|Any CPU
		Debug|x64 = Debug|x64
		Debug|x86 = Debug|x86
		Release|Any CPU = Release|Any CPU
		Release|x64 = Release|x64
		Release|x86 = Release|x86
	EndGlobalSection
	GlobalSection(ProjectConfigurationPlatforms) = postSolution
		{18F74C22-678A-DB66-D5FF-F16E49366EBB}.Debug|Any CPU.ActiveCfg = Debug|Any CPU
		{18F74C22-678A-DB66-D5FF-F16E49366EBB}.Debug|Any CPU.Build.0 = Debug|Any CPU
		{18F74C22-678A-DB66-D5FF-F16E49366EBB}.Debug|x64.ActiveCfg = Debug|Any CPU
		{18F74C22-678A-DB66-D5FF-F16E49366EBB}.Debug|x64.Build.0 = Debug|Any CPU
		{18F74C22-678A-DB66-D5FF-F16E49366EBB}.Debug|x86.ActiveCfg = Debug|Any CPU
		{18F74C22-678A-DB66-D5FF-F16E49366EBB}.Debug|x86.Build.0 = Debug|Any CPU
		{18F74C22-678A-DB66-D5FF-F16E49366EBB}.Release|Any CPU.ActiveCfg = Release|Any CPU
		{18F74C22-678A-DB66-D5FF-F16E49366EBB}.Release|Any CPU.Build.0 = Release|Any CPU
		{18F74C22-678A-DB66-D5FF-F16E49366EBB}.Release|x64.ActiveCfg = Release|Any CPU
		{18F74C22-678A-DB66-D5FF-F16E49366EBB}.Release|x64.Build.0 = Release|Any CPU
		{18F74C22-678A-DB66-D5FF-F16E49366EBB}.Release|x86.ActiveCfg = Release|Any CPU
		{18F74C22-678A-DB66-D5FF-F16E49366EBB}.Release|x86.Build.0 = Release|Any CPU
		{ABC97336-0362-E372-5D52-106FA241E6FE}.Debug|Any CPU.ActiveCfg = Debug|Any CPU
		{ABC97336-0362-E372-5D52-106FA241E6FE}.Debug|Any CPU.Build.0 = Debug|Any CPU
		{ABC97336-0362-E372-5D52-106FA241E6FE}.Debug|x64.ActiveCfg = Debug|Any CPU
		{ABC97336-0362-E372-5D52-106FA241E6FE}.Debug|x64.Build.0 = Debug|Any CPU
		{ABC97336-0362-E372-5D52-106FA241E6FE}.Debug|x86.ActiveCfg = Debug|Any CPU
		{ABC97336-0362-E372-5D52-106FA241E6FE}.Debug|x86.Build.0 = Debug|Any CPU
		{ABC97336-0362-E372-5D52-106FA241E6FE}.Release|Any CPU.ActiveCfg = Release|Any CPU
		{ABC97336-0362-E372-5D52-106FA241E6FE}.Release|Any CPU.Build.0 = Release|Any CPU
		{ABC97336-0362-E372-5D52-106FA241E6FE}.Release|x64.ActiveCfg = Release|Any CPU
		{ABC97336-0362-E372-5D52-106FA241E6FE}.Release|x64.Build.0 = Release|Any CPU
		{ABC97336-0362-E372-5D52-106FA241E6FE}.Release|x86.ActiveCfg = Release|Any CPU
		{ABC97336-0362-E372-5D52-106FA241E6FE}.Release|x86.Build.0 = Release|Any CPU
		{26A617E2-A920-4372-A79E-C4F0F84B6AEF}.Debug|Any CPU.ActiveCfg = Debug|Any CPU
		{26A617E2-A920-4372-A79E-C4F0F84B6AEF}.Debug|Any CPU.Build.0 = Debug|Any CPU
		{26A617E2-A920-4372-A79E-C4F0F84B6AEF}.Debug|x64.ActiveCfg = Debug|Any CPU
		{26A617E2-A920-4372-A79E-C4F0F84B6AEF}.Debug|x64.Build.0 = Debug|Any CPU
		{26A617E2-A920-4372-A79E-C4F0F84B6AEF}.Debug|x86.ActiveCfg = Debug|Any CPU
		{26A617E2-A920-4372-A79E-C4F0F84B6AEF}.Debug|x86.Build.0 = Debug|Any CPU
		{26A617E2-A920-4372-A79E-C4F0F84B6AEF}.Release|Any CPU.ActiveCfg = Release|Any CPU
		{26A617E2-A920-4372-A79E-C4F0F84B6AEF}.Release|Any CPU.Build.0 = Release|Any CPU
		{26A617E2-A920-4372-A79E-C4F0F84B6AEF}.Release|x64.ActiveCfg = Release|Any CPU
		{26A617E2-A920-4372-A79E-C4F0F84B6AEF}.Release|x64.Build.0 = Release|Any CPU
		{26A617E2-A920-4372-A79E-C4F0F84B6AEF}.Release|x86.ActiveCfg = Release|Any CPU
		{26A617E2-A920-4372-A79E-C4F0F84B6AEF}.Release|x86.Build.0 = Release|Any CPU
		{EFD7384D-C24D-407F-A1FA-58067DB7952E}.Debug|Any CPU.ActiveCfg = Debug|Any CPU
		{EFD7384D-C24D-407F-A1FA-58067DB7952E}.Debug|Any CPU.Build.0 = Debug|Any CPU
		{EFD7384D-C24D-407F-A1FA-58067DB7952E}.Debug|x64.ActiveCfg = Debug|Any CPU
		{EFD7384D-C24D-407F-A1FA-58067DB7952E}.Debug|x64.Build.0 = Debug|Any CPU
		{EFD7384D-C24D-407F-A1FA-58067DB7952E}.Debug|x86.ActiveCfg = Debug|Any CPU
		{EFD7384D-C24D-407F-A1FA-58067DB7952E}.Debug|x86.Build.0 = Debug|Any CPU
		{EFD7384D-C24D-407F-A1FA-58067DB7952E}.Release|Any CPU.ActiveCfg = Release|Any CPU
		{EFD7384D-C24D-407F-A1FA-58067DB7952E}.Release|Any CPU.Build.0 = Release|Any CPU
		{EFD7384D-C24D-407F-A1FA-58067DB7952E}.Release|x64.ActiveCfg = Release|Any CPU
		{EFD7384D-C24D-407F-A1FA-58067DB7952E}.Release|x64.Build.0 = Release|Any CPU
		{EFD7384D-C24D-407F-A1FA-58067DB7952E}.Release|x86.ActiveCfg = Release|Any CPU
		{EFD7384D-C24D-407F-A1FA-58067DB7952E}.Release|x86.Build.0 = Release|Any CPU
		{E3A15B29-7CF9-7141-0829-13571C792D2C}.Debug|Any CPU.ActiveCfg = Debug|Any CPU
		{E3A15B29-7CF9-7141-0829-13571C792D2C}.Debug|Any CPU.Build.0 = Debug|Any CPU
		{E3A15B29-7CF9-7141-0829-13571C792D2C}.Debug|x64.ActiveCfg = Debug|Any CPU
		{E3A15B29-7CF9-7141-0829-13571C792D2C}.Debug|x64.Build.0 = Debug|Any CPU
		{E3A15B29-7CF9-7141-0829-13571C792D2C}.Debug|x86.ActiveCfg = Debug|Any CPU
		{E3A15B29-7CF9-7141-0829-13571C792D2C}.Debug|x86.Build.0 = Debug|Any CPU
		{E3A15B29-7CF9-7141-0829-13571C792D2C}.Release|Any CPU.ActiveCfg = Release|Any CPU
		{E3A15B29-7CF9-7141-0829-13571C792D2C}.Release|Any CPU.Build.0 = Release|Any CPU
		{E3A15B29-7CF9-7141-0829-13571C792D2C}.Release|x64.ActiveCfg = Release|Any CPU
		{E3A15B29-7CF9-7141-0829-13571C792D2C}.Release|x64.Build.0 = Release|Any CPU
		{E3A15B29-7CF9-7141-0829-13571C792D2C}.Release|x86.ActiveCfg = Release|Any CPU
		{E3A15B29-7CF9-7141-0829-13571C792D2C}.Release|x86.Build.0 = Release|Any CPU
		{08AF145E-3187-4A9D-873C-21263FB6903F}.Debug|Any CPU.ActiveCfg = Debug|Any CPU
		{08AF145E-3187-4A9D-873C-21263FB6903F}.Debug|Any CPU.Build.0 = Debug|Any CPU
		{08AF145E-3187-4A9D-873C-21263FB6903F}.Debug|x64.ActiveCfg = Debug|Any CPU
		{08AF145E-3187-4A9D-873C-21263FB6903F}.Debug|x64.Build.0 = Debug|Any CPU
		{08AF145E-3187-4A9D-873C-21263FB6903F}.Debug|x86.ActiveCfg = Debug|Any CPU
		{08AF145E-3187-4A9D-873C-21263FB6903F}.Debug|x86.Build.0 = Debug|Any CPU
		{08AF145E-3187-4A9D-873C-21263FB6903F}.Release|Any CPU.ActiveCfg = Release|Any CPU
		{08AF145E-3187-4A9D-873C-21263FB6903F}.Release|Any CPU.Build.0 = Release|Any CPU
		{08AF145E-3187-4A9D-873C-21263FB6903F}.Release|x64.ActiveCfg = Release|Any CPU
		{08AF145E-3187-4A9D-873C-21263FB6903F}.Release|x64.Build.0 = Release|Any CPU
		{08AF145E-3187-4A9D-873C-21263FB6903F}.Release|x86.ActiveCfg = Release|Any CPU
		{08AF145E-3187-4A9D-873C-21263FB6903F}.Release|x86.Build.0 = Release|Any CPU
		{FD6D3D53-3A3D-4CAD-BBB0-4FB637717C3F}.Debug|Any CPU.ActiveCfg = Debug|Any CPU
		{FD6D3D53-3A3D-4CAD-BBB0-4FB637717C3F}.Debug|Any CPU.Build.0 = Debug|Any CPU
		{FD6D3D53-3A3D-4CAD-BBB0-4FB637717C3F}.Debug|x64.ActiveCfg = Debug|Any CPU
		{FD6D3D53-3A3D-4CAD-BBB0-4FB637717C3F}.Debug|x64.Build.0 = Debug|Any CPU
		{FD6D3D53-3A3D-4CAD-BBB0-4FB637717C3F}.Debug|x86.ActiveCfg = Debug|Any CPU
		{FD6D3D53-3A3D-4CAD-BBB0-4FB637717C3F}.Debug|x86.Build.0 = Debug|Any CPU
		{FD6D3D53-3A3D-4CAD-BBB0-4FB637717C3F}.Release|Any CPU.ActiveCfg = Release|Any CPU
		{FD6D3D53-3A3D-4CAD-BBB0-4FB637717C3F}.Release|Any CPU.Build.0 = Release|Any CPU
		{FD6D3D53-3A3D-4CAD-BBB0-4FB637717C3F}.Release|x64.ActiveCfg = Release|Any CPU
		{FD6D3D53-3A3D-4CAD-BBB0-4FB637717C3F}.Release|x64.Build.0 = Release|Any CPU
		{FD6D3D53-3A3D-4CAD-BBB0-4FB637717C3F}.Release|x86.ActiveCfg = Release|Any CPU
		{FD6D3D53-3A3D-4CAD-BBB0-4FB637717C3F}.Release|x86.Build.0 = Release|Any CPU
		{4B8EA29C-3027-45AF-A831-90A619C91AE1}.Debug|Any CPU.ActiveCfg = Debug|Any CPU
		{4B8EA29C-3027-45AF-A831-90A619C91AE1}.Debug|Any CPU.Build.0 = Debug|Any CPU
		{4B8EA29C-3027-45AF-A831-90A619C91AE1}.Debug|x64.ActiveCfg = Debug|Any CPU
		{4B8EA29C-3027-45AF-A831-90A619C91AE1}.Debug|x64.Build.0 = Debug|Any CPU
		{4B8EA29C-3027-45AF-A831-90A619C91AE1}.Debug|x86.ActiveCfg = Debug|Any CPU
		{4B8EA29C-3027-45AF-A831-90A619C91AE1}.Debug|x86.Build.0 = Debug|Any CPU
		{4B8EA29C-3027-45AF-A831-90A619C91AE1}.Release|Any CPU.ActiveCfg = Release|Any CPU
		{4B8EA29C-3027-45AF-A831-90A619C91AE1}.Release|Any CPU.Build.0 = Release|Any CPU
		{4B8EA29C-3027-45AF-A831-90A619C91AE1}.Release|x64.ActiveCfg = Release|Any CPU
		{4B8EA29C-3027-45AF-A831-90A619C91AE1}.Release|x64.Build.0 = Release|Any CPU
		{4B8EA29C-3027-45AF-A831-90A619C91AE1}.Release|x86.ActiveCfg = Release|Any CPU
		{4B8EA29C-3027-45AF-A831-90A619C91AE1}.Release|x86.Build.0 = Release|Any CPU
		{BAC28CDC-0808-44E6-869B-68DE493AEF8E}.Debug|Any CPU.ActiveCfg = Debug|Any CPU
		{BAC28CDC-0808-44E6-869B-68DE493AEF8E}.Debug|Any CPU.Build.0 = Debug|Any CPU
		{BAC28CDC-0808-44E6-869B-68DE493AEF8E}.Debug|x64.ActiveCfg = Debug|Any CPU
		{BAC28CDC-0808-44E6-869B-68DE493AEF8E}.Debug|x64.Build.0 = Debug|Any CPU
		{BAC28CDC-0808-44E6-869B-68DE493AEF8E}.Debug|x86.ActiveCfg = Debug|Any CPU
		{BAC28CDC-0808-44E6-869B-68DE493AEF8E}.Debug|x86.Build.0 = Debug|Any CPU
		{BAC28CDC-0808-44E6-869B-68DE493AEF8E}.Release|Any CPU.ActiveCfg = Release|Any CPU
		{BAC28CDC-0808-44E6-869B-68DE493AEF8E}.Release|Any CPU.Build.0 = Release|Any CPU
		{BAC28CDC-0808-44E6-869B-68DE493AEF8E}.Release|x64.ActiveCfg = Release|Any CPU
		{BAC28CDC-0808-44E6-869B-68DE493AEF8E}.Release|x64.Build.0 = Release|Any CPU
		{BAC28CDC-0808-44E6-869B-68DE493AEF8E}.Release|x86.ActiveCfg = Release|Any CPU
		{BAC28CDC-0808-44E6-869B-68DE493AEF8E}.Release|x86.Build.0 = Release|Any CPU
		{D985A20E-B2F0-489D-83BE-90206AFF817D}.Debug|Any CPU.ActiveCfg = Debug|Any CPU
		{D985A20E-B2F0-489D-83BE-90206AFF817D}.Debug|Any CPU.Build.0 = Debug|Any CPU
		{D985A20E-B2F0-489D-83BE-90206AFF817D}.Debug|x64.ActiveCfg = Debug|Any CPU
		{D985A20E-B2F0-489D-83BE-90206AFF817D}.Debug|x64.Build.0 = Debug|Any CPU
		{D985A20E-B2F0-489D-83BE-90206AFF817D}.Debug|x86.ActiveCfg = Debug|Any CPU
		{D985A20E-B2F0-489D-83BE-90206AFF817D}.Debug|x86.Build.0 = Debug|Any CPU
		{D985A20E-B2F0-489D-83BE-90206AFF817D}.Release|Any CPU.ActiveCfg = Release|Any CPU
		{D985A20E-B2F0-489D-83BE-90206AFF817D}.Release|Any CPU.Build.0 = Release|Any CPU
		{D985A20E-B2F0-489D-83BE-90206AFF817D}.Release|x64.ActiveCfg = Release|Any CPU
		{D985A20E-B2F0-489D-83BE-90206AFF817D}.Release|x64.Build.0 = Release|Any CPU
		{D985A20E-B2F0-489D-83BE-90206AFF817D}.Release|x86.ActiveCfg = Release|Any CPU
		{D985A20E-B2F0-489D-83BE-90206AFF817D}.Release|x86.Build.0 = Release|Any CPU
		{1E50EBAA-3305-4ACC-9E64-EFECA7348001}.Debug|Any CPU.ActiveCfg = Debug|Any CPU
		{1E50EBAA-3305-4ACC-9E64-EFECA7348001}.Debug|Any CPU.Build.0 = Debug|Any CPU
		{1E50EBAA-3305-4ACC-9E64-EFECA7348001}.Debug|x64.ActiveCfg = Debug|Any CPU
		{1E50EBAA-3305-4ACC-9E64-EFECA7348001}.Debug|x64.Build.0 = Debug|Any CPU
		{1E50EBAA-3305-4ACC-9E64-EFECA7348001}.Debug|x86.ActiveCfg = Debug|Any CPU
		{1E50EBAA-3305-4ACC-9E64-EFECA7348001}.Debug|x86.Build.0 = Debug|Any CPU
		{1E50EBAA-3305-4ACC-9E64-EFECA7348001}.Release|Any CPU.ActiveCfg = Release|Any CPU
		{1E50EBAA-3305-4ACC-9E64-EFECA7348001}.Release|Any CPU.Build.0 = Release|Any CPU
		{1E50EBAA-3305-4ACC-9E64-EFECA7348001}.Release|x64.ActiveCfg = Release|Any CPU
		{1E50EBAA-3305-4ACC-9E64-EFECA7348001}.Release|x64.Build.0 = Release|Any CPU
		{1E50EBAA-3305-4ACC-9E64-EFECA7348001}.Release|x86.ActiveCfg = Release|Any CPU
		{1E50EBAA-3305-4ACC-9E64-EFECA7348001}.Release|x86.Build.0 = Release|Any CPU
		{3A6545A7-0C77-4417-A3D0-12BC9C8BDCBA}.Debug|Any CPU.ActiveCfg = Debug|Any CPU
		{3A6545A7-0C77-4417-A3D0-12BC9C8BDCBA}.Debug|Any CPU.Build.0 = Debug|Any CPU
		{3A6545A7-0C77-4417-A3D0-12BC9C8BDCBA}.Debug|x64.ActiveCfg = Debug|Any CPU
		{3A6545A7-0C77-4417-A3D0-12BC9C8BDCBA}.Debug|x64.Build.0 = Debug|Any CPU
		{3A6545A7-0C77-4417-A3D0-12BC9C8BDCBA}.Debug|x86.ActiveCfg = Debug|Any CPU
		{3A6545A7-0C77-4417-A3D0-12BC9C8BDCBA}.Debug|x86.Build.0 = Debug|Any CPU
		{3A6545A7-0C77-4417-A3D0-12BC9C8BDCBA}.Release|Any CPU.ActiveCfg = Release|Any CPU
		{3A6545A7-0C77-4417-A3D0-12BC9C8BDCBA}.Release|Any CPU.Build.0 = Release|Any CPU
		{3A6545A7-0C77-4417-A3D0-12BC9C8BDCBA}.Release|x64.ActiveCfg = Release|Any CPU
		{3A6545A7-0C77-4417-A3D0-12BC9C8BDCBA}.Release|x64.Build.0 = Release|Any CPU
		{3A6545A7-0C77-4417-A3D0-12BC9C8BDCBA}.Release|x86.ActiveCfg = Release|Any CPU
		{3A6545A7-0C77-4417-A3D0-12BC9C8BDCBA}.Release|x86.Build.0 = Release|Any CPU
		{83AC02D0-898B-43E7-8D8E-175291E4C73F}.Debug|Any CPU.ActiveCfg = Debug|Any CPU
		{83AC02D0-898B-43E7-8D8E-175291E4C73F}.Debug|Any CPU.Build.0 = Debug|Any CPU
		{83AC02D0-898B-43E7-8D8E-175291E4C73F}.Debug|x64.ActiveCfg = Debug|Any CPU
		{83AC02D0-898B-43E7-8D8E-175291E4C73F}.Debug|x64.Build.0 = Debug|Any CPU
		{83AC02D0-898B-43E7-8D8E-175291E4C73F}.Debug|x86.ActiveCfg = Debug|Any CPU
		{83AC02D0-898B-43E7-8D8E-175291E4C73F}.Debug|x86.Build.0 = Debug|Any CPU
		{83AC02D0-898B-43E7-8D8E-175291E4C73F}.Release|Any CPU.ActiveCfg = Release|Any CPU
		{83AC02D0-898B-43E7-8D8E-175291E4C73F}.Release|Any CPU.Build.0 = Release|Any CPU
		{83AC02D0-898B-43E7-8D8E-175291E4C73F}.Release|x64.ActiveCfg = Release|Any CPU
		{83AC02D0-898B-43E7-8D8E-175291E4C73F}.Release|x64.Build.0 = Release|Any CPU
		{83AC02D0-898B-43E7-8D8E-175291E4C73F}.Release|x86.ActiveCfg = Release|Any CPU
		{83AC02D0-898B-43E7-8D8E-175291E4C73F}.Release|x86.Build.0 = Release|Any CPU
		{111D514B-D338-4691-A6DC-84E1824A099E}.Debug|Any CPU.ActiveCfg = Debug|Any CPU
		{111D514B-D338-4691-A6DC-84E1824A099E}.Debug|Any CPU.Build.0 = Debug|Any CPU
		{111D514B-D338-4691-A6DC-84E1824A099E}.Debug|x64.ActiveCfg = Debug|Any CPU
		{111D514B-D338-4691-A6DC-84E1824A099E}.Debug|x64.Build.0 = Debug|Any CPU
		{111D514B-D338-4691-A6DC-84E1824A099E}.Debug|x86.ActiveCfg = Debug|Any CPU
		{111D514B-D338-4691-A6DC-84E1824A099E}.Debug|x86.Build.0 = Debug|Any CPU
		{111D514B-D338-4691-A6DC-84E1824A099E}.Release|Any CPU.ActiveCfg = Release|Any CPU
		{111D514B-D338-4691-A6DC-84E1824A099E}.Release|Any CPU.Build.0 = Release|Any CPU
		{111D514B-D338-4691-A6DC-84E1824A099E}.Release|x64.ActiveCfg = Release|Any CPU
		{111D514B-D338-4691-A6DC-84E1824A099E}.Release|x64.Build.0 = Release|Any CPU
		{111D514B-D338-4691-A6DC-84E1824A099E}.Release|x86.ActiveCfg = Release|Any CPU
		{111D514B-D338-4691-A6DC-84E1824A099E}.Release|x86.Build.0 = Release|Any CPU
		{DC6CDCA6-A593-4ACC-A511-1C6CC0D77F0F}.Debug|Any CPU.ActiveCfg = Debug|Any CPU
		{DC6CDCA6-A593-4ACC-A511-1C6CC0D77F0F}.Debug|Any CPU.Build.0 = Debug|Any CPU
		{DC6CDCA6-A593-4ACC-A511-1C6CC0D77F0F}.Debug|x64.ActiveCfg = Debug|Any CPU
		{DC6CDCA6-A593-4ACC-A511-1C6CC0D77F0F}.Debug|x64.Build.0 = Debug|Any CPU
		{DC6CDCA6-A593-4ACC-A511-1C6CC0D77F0F}.Debug|x86.ActiveCfg = Debug|Any CPU
		{DC6CDCA6-A593-4ACC-A511-1C6CC0D77F0F}.Debug|x86.Build.0 = Debug|Any CPU
		{DC6CDCA6-A593-4ACC-A511-1C6CC0D77F0F}.Release|Any CPU.ActiveCfg = Release|Any CPU
		{DC6CDCA6-A593-4ACC-A511-1C6CC0D77F0F}.Release|Any CPU.Build.0 = Release|Any CPU
		{DC6CDCA6-A593-4ACC-A511-1C6CC0D77F0F}.Release|x64.ActiveCfg = Release|Any CPU
		{DC6CDCA6-A593-4ACC-A511-1C6CC0D77F0F}.Release|x64.Build.0 = Release|Any CPU
		{DC6CDCA6-A593-4ACC-A511-1C6CC0D77F0F}.Release|x86.ActiveCfg = Release|Any CPU
		{DC6CDCA6-A593-4ACC-A511-1C6CC0D77F0F}.Release|x86.Build.0 = Release|Any CPU
		{662DDC06-0E25-414A-B992-44CFC7B56D52}.Debug|Any CPU.ActiveCfg = Debug|Any CPU
		{662DDC06-0E25-414A-B992-44CFC7B56D52}.Debug|Any CPU.Build.0 = Debug|Any CPU
		{662DDC06-0E25-414A-B992-44CFC7B56D52}.Debug|x64.ActiveCfg = Debug|Any CPU
		{662DDC06-0E25-414A-B992-44CFC7B56D52}.Debug|x64.Build.0 = Debug|Any CPU
		{662DDC06-0E25-414A-B992-44CFC7B56D52}.Debug|x86.ActiveCfg = Debug|Any CPU
		{662DDC06-0E25-414A-B992-44CFC7B56D52}.Debug|x86.Build.0 = Debug|Any CPU
		{662DDC06-0E25-414A-B992-44CFC7B56D52}.Release|Any CPU.ActiveCfg = Release|Any CPU
		{662DDC06-0E25-414A-B992-44CFC7B56D52}.Release|Any CPU.Build.0 = Release|Any CPU
		{662DDC06-0E25-414A-B992-44CFC7B56D52}.Release|x64.ActiveCfg = Release|Any CPU
		{662DDC06-0E25-414A-B992-44CFC7B56D52}.Release|x64.Build.0 = Release|Any CPU
		{662DDC06-0E25-414A-B992-44CFC7B56D52}.Release|x86.ActiveCfg = Release|Any CPU
		{662DDC06-0E25-414A-B992-44CFC7B56D52}.Release|x86.Build.0 = Release|Any CPU
		{C846BCA8-F76C-40C4-A16C-3E3B444289C3}.Debug|Any CPU.ActiveCfg = Debug|Any CPU
		{C846BCA8-F76C-40C4-A16C-3E3B444289C3}.Debug|Any CPU.Build.0 = Debug|Any CPU
		{C846BCA8-F76C-40C4-A16C-3E3B444289C3}.Debug|x64.ActiveCfg = Debug|Any CPU
		{C846BCA8-F76C-40C4-A16C-3E3B444289C3}.Debug|x64.Build.0 = Debug|Any CPU
		{C846BCA8-F76C-40C4-A16C-3E3B444289C3}.Debug|x86.ActiveCfg = Debug|Any CPU
		{C846BCA8-F76C-40C4-A16C-3E3B444289C3}.Debug|x86.Build.0 = Debug|Any CPU
		{C846BCA8-F76C-40C4-A16C-3E3B444289C3}.Release|Any CPU.ActiveCfg = Release|Any CPU
		{C846BCA8-F76C-40C4-A16C-3E3B444289C3}.Release|Any CPU.Build.0 = Release|Any CPU
		{C846BCA8-F76C-40C4-A16C-3E3B444289C3}.Release|x64.ActiveCfg = Release|Any CPU
		{C846BCA8-F76C-40C4-A16C-3E3B444289C3}.Release|x64.Build.0 = Release|Any CPU
		{C846BCA8-F76C-40C4-A16C-3E3B444289C3}.Release|x86.ActiveCfg = Release|Any CPU
		{C846BCA8-F76C-40C4-A16C-3E3B444289C3}.Release|x86.Build.0 = Release|Any CPU
		{55BC2F28-9FD5-4313-9306-17DCDAFD0686}.Debug|Any CPU.ActiveCfg = Debug|Any CPU
		{55BC2F28-9FD5-4313-9306-17DCDAFD0686}.Debug|Any CPU.Build.0 = Debug|Any CPU
		{55BC2F28-9FD5-4313-9306-17DCDAFD0686}.Debug|x64.ActiveCfg = Debug|Any CPU
		{55BC2F28-9FD5-4313-9306-17DCDAFD0686}.Debug|x64.Build.0 = Debug|Any CPU
		{55BC2F28-9FD5-4313-9306-17DCDAFD0686}.Debug|x86.ActiveCfg = Debug|Any CPU
		{55BC2F28-9FD5-4313-9306-17DCDAFD0686}.Debug|x86.Build.0 = Debug|Any CPU
		{55BC2F28-9FD5-4313-9306-17DCDAFD0686}.Release|Any CPU.ActiveCfg = Release|Any CPU
		{55BC2F28-9FD5-4313-9306-17DCDAFD0686}.Release|Any CPU.Build.0 = Release|Any CPU
		{55BC2F28-9FD5-4313-9306-17DCDAFD0686}.Release|x64.ActiveCfg = Release|Any CPU
		{55BC2F28-9FD5-4313-9306-17DCDAFD0686}.Release|x64.Build.0 = Release|Any CPU
		{55BC2F28-9FD5-4313-9306-17DCDAFD0686}.Release|x86.ActiveCfg = Release|Any CPU
		{55BC2F28-9FD5-4313-9306-17DCDAFD0686}.Release|x86.Build.0 = Release|Any CPU
		{9B08B166-A434-5ACB-EFEB-64AB5D049A9D}.Debug|Any CPU.ActiveCfg = Debug|Any CPU
		{9B08B166-A434-5ACB-EFEB-64AB5D049A9D}.Debug|Any CPU.Build.0 = Debug|Any CPU
		{9B08B166-A434-5ACB-EFEB-64AB5D049A9D}.Debug|x64.ActiveCfg = Debug|Any CPU
		{9B08B166-A434-5ACB-EFEB-64AB5D049A9D}.Debug|x64.Build.0 = Debug|Any CPU
		{9B08B166-A434-5ACB-EFEB-64AB5D049A9D}.Debug|x86.ActiveCfg = Debug|Any CPU
		{9B08B166-A434-5ACB-EFEB-64AB5D049A9D}.Debug|x86.Build.0 = Debug|Any CPU
		{9B08B166-A434-5ACB-EFEB-64AB5D049A9D}.Release|Any CPU.ActiveCfg = Release|Any CPU
		{9B08B166-A434-5ACB-EFEB-64AB5D049A9D}.Release|Any CPU.Build.0 = Release|Any CPU
		{9B08B166-A434-5ACB-EFEB-64AB5D049A9D}.Release|x64.ActiveCfg = Release|Any CPU
		{9B08B166-A434-5ACB-EFEB-64AB5D049A9D}.Release|x64.Build.0 = Release|Any CPU
		{9B08B166-A434-5ACB-EFEB-64AB5D049A9D}.Release|x86.ActiveCfg = Release|Any CPU
		{9B08B166-A434-5ACB-EFEB-64AB5D049A9D}.Release|x86.Build.0 = Release|Any CPU
		{0E8EE7D5-C783-D56F-C614-9DD35497FC76}.Debug|Any CPU.ActiveCfg = Debug|Any CPU
		{0E8EE7D5-C783-D56F-C614-9DD35497FC76}.Debug|Any CPU.Build.0 = Debug|Any CPU
		{0E8EE7D5-C783-D56F-C614-9DD35497FC76}.Debug|x64.ActiveCfg = Debug|Any CPU
		{0E8EE7D5-C783-D56F-C614-9DD35497FC76}.Debug|x64.Build.0 = Debug|Any CPU
		{0E8EE7D5-C783-D56F-C614-9DD35497FC76}.Debug|x86.ActiveCfg = Debug|Any CPU
		{0E8EE7D5-C783-D56F-C614-9DD35497FC76}.Debug|x86.Build.0 = Debug|Any CPU
		{0E8EE7D5-C783-D56F-C614-9DD35497FC76}.Release|Any CPU.ActiveCfg = Release|Any CPU
		{0E8EE7D5-C783-D56F-C614-9DD35497FC76}.Release|Any CPU.Build.0 = Release|Any CPU
		{0E8EE7D5-C783-D56F-C614-9DD35497FC76}.Release|x64.ActiveCfg = Release|Any CPU
		{0E8EE7D5-C783-D56F-C614-9DD35497FC76}.Release|x64.Build.0 = Release|Any CPU
		{0E8EE7D5-C783-D56F-C614-9DD35497FC76}.Release|x86.ActiveCfg = Release|Any CPU
		{0E8EE7D5-C783-D56F-C614-9DD35497FC76}.Release|x86.Build.0 = Release|Any CPU
		{4D6B5A20-C6DD-4813-A6FC-D5A3162001BA}.Debug|Any CPU.ActiveCfg = Debug|Any CPU
		{4D6B5A20-C6DD-4813-A6FC-D5A3162001BA}.Debug|Any CPU.Build.0 = Debug|Any CPU
		{4D6B5A20-C6DD-4813-A6FC-D5A3162001BA}.Debug|x64.ActiveCfg = Debug|Any CPU
		{4D6B5A20-C6DD-4813-A6FC-D5A3162001BA}.Debug|x64.Build.0 = Debug|Any CPU
		{4D6B5A20-C6DD-4813-A6FC-D5A3162001BA}.Debug|x86.ActiveCfg = Debug|Any CPU
		{4D6B5A20-C6DD-4813-A6FC-D5A3162001BA}.Debug|x86.Build.0 = Debug|Any CPU
		{4D6B5A20-C6DD-4813-A6FC-D5A3162001BA}.Release|Any CPU.ActiveCfg = Release|Any CPU
		{4D6B5A20-C6DD-4813-A6FC-D5A3162001BA}.Release|Any CPU.Build.0 = Release|Any CPU
		{4D6B5A20-C6DD-4813-A6FC-D5A3162001BA}.Release|x64.ActiveCfg = Release|Any CPU
		{4D6B5A20-C6DD-4813-A6FC-D5A3162001BA}.Release|x64.Build.0 = Release|Any CPU
		{4D6B5A20-C6DD-4813-A6FC-D5A3162001BA}.Release|x86.ActiveCfg = Release|Any CPU
		{4D6B5A20-C6DD-4813-A6FC-D5A3162001BA}.Release|x86.Build.0 = Release|Any CPU
		{D1937675-3883-687A-180B-09697FC9C88C}.Debug|Any CPU.ActiveCfg = Debug|Any CPU
		{D1937675-3883-687A-180B-09697FC9C88C}.Debug|Any CPU.Build.0 = Debug|Any CPU
		{D1937675-3883-687A-180B-09697FC9C88C}.Debug|x64.ActiveCfg = Debug|Any CPU
		{D1937675-3883-687A-180B-09697FC9C88C}.Debug|x64.Build.0 = Debug|Any CPU
		{D1937675-3883-687A-180B-09697FC9C88C}.Debug|x86.ActiveCfg = Debug|Any CPU
		{D1937675-3883-687A-180B-09697FC9C88C}.Debug|x86.Build.0 = Debug|Any CPU
		{D1937675-3883-687A-180B-09697FC9C88C}.Release|Any CPU.ActiveCfg = Release|Any CPU
		{D1937675-3883-687A-180B-09697FC9C88C}.Release|Any CPU.Build.0 = Release|Any CPU
		{D1937675-3883-687A-180B-09697FC9C88C}.Release|x64.ActiveCfg = Release|Any CPU
		{D1937675-3883-687A-180B-09697FC9C88C}.Release|x64.Build.0 = Release|Any CPU
		{D1937675-3883-687A-180B-09697FC9C88C}.Release|x86.ActiveCfg = Release|Any CPU
		{D1937675-3883-687A-180B-09697FC9C88C}.Release|x86.Build.0 = Release|Any CPU
		{58B94819-7905-15D3-F264-7428B0BA2802}.Debug|Any CPU.ActiveCfg = Debug|Any CPU
		{58B94819-7905-15D3-F264-7428B0BA2802}.Debug|Any CPU.Build.0 = Debug|Any CPU
		{58B94819-7905-15D3-F264-7428B0BA2802}.Debug|x64.ActiveCfg = Debug|Any CPU
		{58B94819-7905-15D3-F264-7428B0BA2802}.Debug|x64.Build.0 = Debug|Any CPU
		{58B94819-7905-15D3-F264-7428B0BA2802}.Debug|x86.ActiveCfg = Debug|Any CPU
		{58B94819-7905-15D3-F264-7428B0BA2802}.Debug|x86.Build.0 = Debug|Any CPU
		{58B94819-7905-15D3-F264-7428B0BA2802}.Release|Any CPU.ActiveCfg = Release|Any CPU
		{58B94819-7905-15D3-F264-7428B0BA2802}.Release|Any CPU.Build.0 = Release|Any CPU
		{58B94819-7905-15D3-F264-7428B0BA2802}.Release|x64.ActiveCfg = Release|Any CPU
		{58B94819-7905-15D3-F264-7428B0BA2802}.Release|x64.Build.0 = Release|Any CPU
		{58B94819-7905-15D3-F264-7428B0BA2802}.Release|x86.ActiveCfg = Release|Any CPU
		{58B94819-7905-15D3-F264-7428B0BA2802}.Release|x86.Build.0 = Release|Any CPU
		{40E631F3-822B-4785-B839-EC9429A027FB}.Debug|Any CPU.ActiveCfg = Debug|Any CPU
		{40E631F3-822B-4785-B839-EC9429A027FB}.Debug|Any CPU.Build.0 = Debug|Any CPU
		{40E631F3-822B-4785-B839-EC9429A027FB}.Debug|x64.ActiveCfg = Debug|Any CPU
		{40E631F3-822B-4785-B839-EC9429A027FB}.Debug|x64.Build.0 = Debug|Any CPU
		{40E631F3-822B-4785-B839-EC9429A027FB}.Debug|x86.ActiveCfg = Debug|Any CPU
		{40E631F3-822B-4785-B839-EC9429A027FB}.Debug|x86.Build.0 = Debug|Any CPU
		{40E631F3-822B-4785-B839-EC9429A027FB}.Release|Any CPU.ActiveCfg = Release|Any CPU
		{40E631F3-822B-4785-B839-EC9429A027FB}.Release|Any CPU.Build.0 = Release|Any CPU
		{40E631F3-822B-4785-B839-EC9429A027FB}.Release|x64.ActiveCfg = Release|Any CPU
		{40E631F3-822B-4785-B839-EC9429A027FB}.Release|x64.Build.0 = Release|Any CPU
		{40E631F3-822B-4785-B839-EC9429A027FB}.Release|x86.ActiveCfg = Release|Any CPU
		{40E631F3-822B-4785-B839-EC9429A027FB}.Release|x86.Build.0 = Release|Any CPU
		{55766371-6AFB-4ACC-8B26-682F4BE7C60C}.Debug|Any CPU.ActiveCfg = Debug|Any CPU
		{55766371-6AFB-4ACC-8B26-682F4BE7C60C}.Debug|Any CPU.Build.0 = Debug|Any CPU
		{55766371-6AFB-4ACC-8B26-682F4BE7C60C}.Debug|x64.ActiveCfg = Debug|Any CPU
		{55766371-6AFB-4ACC-8B26-682F4BE7C60C}.Debug|x64.Build.0 = Debug|Any CPU
		{55766371-6AFB-4ACC-8B26-682F4BE7C60C}.Debug|x86.ActiveCfg = Debug|Any CPU
		{55766371-6AFB-4ACC-8B26-682F4BE7C60C}.Debug|x86.Build.0 = Debug|Any CPU
		{55766371-6AFB-4ACC-8B26-682F4BE7C60C}.Release|Any CPU.ActiveCfg = Release|Any CPU
		{55766371-6AFB-4ACC-8B26-682F4BE7C60C}.Release|Any CPU.Build.0 = Release|Any CPU
		{55766371-6AFB-4ACC-8B26-682F4BE7C60C}.Release|x64.ActiveCfg = Release|Any CPU
		{55766371-6AFB-4ACC-8B26-682F4BE7C60C}.Release|x64.Build.0 = Release|Any CPU
		{55766371-6AFB-4ACC-8B26-682F4BE7C60C}.Release|x86.ActiveCfg = Release|Any CPU
		{55766371-6AFB-4ACC-8B26-682F4BE7C60C}.Release|x86.Build.0 = Release|Any CPU
	EndGlobalSection
	GlobalSection(SolutionProperties) = preSolution
		HideSolutionNode = FALSE
	EndGlobalSection
	GlobalSection(ExtensibilityGlobals) = postSolution
		SolutionGuid = {0E595A03-2F22-408E-9E31-93582C4A346B}
	EndGlobalSection
EndGlobal
