
Microsoft Visual Studio Solution File, Format Version 12.00
# Visual Studio Version 17
VisualStudioVersion = 17.12.35707.178
MinimumVisualStudioVersion = 10.0.40219.1
Project("{FAE04EC0-301F-11D3-BF4B-00C04F79EFBC}") = "Agent.Common.Core", "Common.Core\Agent.Common.Core.csproj", "{BC1C4014-048B-41C0-ABB3-1C29CD25854F}"
EndProject
Project("{FAE04EC0-301F-11D3-BF4B-00C04F79EFBC}") = "Agent.Tests.Integration", "Tests.Integration\Agent.Tests.Integration.csproj", "{35084C49-2D06-4E2D-A861-EC8F380E23CE}"
EndProject
Global
	GlobalSection(SolutionConfigurationPlatforms) = preSolution
		Debug|Any CPU = Debug|Any CPU
		Release|Any CPU = Release|Any CPU
	EndGlobalSection
	GlobalSection(ProjectConfigurationPlatforms) = postSolution
		{BC1C4014-048B-41C0-ABB3-1C29CD25854F}.Debug|Any CPU.ActiveCfg = Debug|Any CPU
		{BC1C4014-048B-41C0-ABB3-1C29CD25854F}.Debug|Any CPU.Build.0 = Debug|Any CPU
		{BC1C4014-048B-41C0-ABB3-1C29CD25854F}.Release|Any CPU.ActiveCfg = Release|Any CPU
		{BC1C4014-048B-41C0-ABB3-1C29CD25854F}.Release|Any CPU.Build.0 = Release|Any CPU
		{35084C49-2D06-4E2D-A861-EC8F380E23CE}.Debug|Any CPU.ActiveCfg = Debug|Any CPU
		{35084C49-2D06-4E2D-A861-EC8F380E23CE}.Debug|Any CPU.Build.0 = Debug|Any CPU
		{35084C49-2D06-4E2D-A861-EC8F380E23CE}.Release|Any CPU.ActiveCfg = Release|Any CPU
		{35084C49-2D06-4E2D-A861-EC8F380E23CE}.Release|Any CPU.Build.0 = Release|Any CPU
	EndGlobalSection
	GlobalSection(SolutionProperties) = preSolution
		HideSolutionNode = FALSE
	EndGlobalSection
EndGlobal
