
Microsoft Visual Studio Solution File, Format Version 12.00
# Visual Studio Version 17
VisualStudioVersion = 17.13.35517.5 main
MinimumVisualStudioVersion = 10.0.40219.1
Project("{FAE04EC0-301F-11D3-BF4B-00C04F79EFBC}") = "Agent.Portal", "Agent.Portal.csproj", "{F5E7D125-607D-4276-B733-C17402F143AD}"
EndProject
Global
	GlobalSection(SolutionConfigurationPlatforms) = preSolution
		Debug|Any CPU = Debug|Any CPU
		Release|Any CPU = Release|Any CPU
	EndGlobalSection
	GlobalSection(ProjectConfigurationPlatforms) = postSolution
		{F5E7D125-607D-4276-B733-C17402F143AD}.Debug|Any CPU.ActiveCfg = Debug|Any CPU
		{F5E7D125-607D-4276-B733-C17402F143AD}.Debug|Any CPU.Build.0 = Debug|Any CPU
		{F5E7D125-607D-4276-B733-C17402F143AD}.Release|Any CPU.ActiveCfg = Release|Any CPU
		{F5E7D125-607D-4276-B733-C17402F143AD}.Release|Any CPU.Build.0 = Release|Any CPU
	EndGlobalSection
	GlobalSection(SolutionProperties) = preSolution
		HideSolutionNode = FALSE
	EndGlobalSection
	GlobalSection(ExtensibilityGlobals) = postSolution
		SolutionGuid = {27C678F6-8375-4F11-8F20-305EFDF1C720}
	EndGlobalSection
EndGlobal
