Microsoft Visual Studio Solution File, Format Version 12.00
# Visual Studio Version 17
VisualStudioVersion = 17.5.2.0
MinimumVisualStudioVersion = 10.0.40219.1
Project("{FAE04EC0-301F-11D3-BF4B-00C04F79EFBC}") = "Agent.Cli", "Agent.Cli.csproj", "{F80F69BD-F4A1-B6BA-11DF-0CECFE551CBC}"
EndProject
Global
	GlobalSection(SolutionConfigurationPlatforms) = preSolution
		Debug|Any CPU = Debug|Any CPU
		Release|Any CPU = Release|Any CPU
	EndGlobalSection
	GlobalSection(ProjectConfigurationPlatforms) = postSolution
		{F80F69BD-F4A1-B6BA-11DF-0CECFE551CBC}.Debug|Any CPU.ActiveCfg = Debug|Any CPU
		{F80F69BD-F4A1-B6BA-11DF-0CECFE551CBC}.Debug|Any CPU.Build.0 = Debug|Any CPU
		{F80F69BD-F4A1-B6BA-11DF-0CECFE551CBC}.Release|Any CPU.ActiveCfg = Release|Any CPU
		{F80F69BD-F4A1-B6BA-11DF-0CECFE551CBC}.Release|Any CPU.Build.0 = Release|Any CPU
	EndGlobalSection
	GlobalSection(SolutionProperties) = preSolution
		HideSolutionNode = FALSE
	EndGlobalSection
	GlobalSection(ExtensibilityGlobals) = postSolution
		SolutionGuid = {850E0A35-A6EB-40EB-9D1A-779A59486CC5}
	EndGlobalSection
EndGlobal
